# THIS IS AN AUTOGENERATED FILE. DO NOT EDIT THIS FILE DIRECTLY.
# yarn lockfile v1


"@types/bson@*":
  version "4.0.0"
  resolved "https://registry.yarnpkg.com/@types/bson/-/bson-4.0.0.tgz#9073772679d749116eb1dfca56f8eaac6d59cc7a"
  integrity sha512-pq/rqJwJWkbS10crsG5bgnrisL8pML79KlMKQMoQwLUjlPAkrUHMvHJ3oGwE7WHR61Lv/nadMwXVAD2b+fpD8Q==
  dependencies:
    "@types/node" "*"

"@types/mongodb@*":
  version "3.1.22"
  resolved "https://registry.yarnpkg.com/@types/mongodb/-/mongodb-3.1.22.tgz#66f96c7acbf7135ce6295a8d6c26f1d97388a84b"
  integrity sha512-hvNR0txBlJJAy1eZOeIDshW4dnQaC694COou4eHHaMdIcteCfoCQATD7sYNlXxNxfTc1iIbHUi7A8CAhQe08uA==
  dependencies:
    "@types/bson" "*"
    "@types/node" "*"

"@types/mongoose@^5.3.23":
  version "5.3.23"
  resolved "https://registry.yarnpkg.com/@types/mongoose/-/mongoose-5.3.23.tgz#5a37bb73313f4892af9e2e6b9641a6f7b164200c"
  integrity sha512-UZJOkFe/ShSt3iYFBiadwwCu2Y8qm/RZyAoCQI2uf88wr3NfDBpbqqoIyrchBy1y2XtvAAyktEPzvvR7up6/TQ==
  dependencies:
    "@types/mongodb" "*"
    "@types/node" "*"

"@types/node@*":
  version "11.11.6"
  resolved "https://registry.yarnpkg.com/@types/node/-/node-11.11.6.tgz#df929d1bb2eee5afdda598a41930fe50b43eaa6a"
  integrity sha512-Exw4yUWMBXM3X+8oqzJNRqZSwUAaS4+7NdvHqQuFi/d+synz++xmX3QIf+BFqneW8N31R8Ky+sikfZUXq07ggQ==
